
Microsoft Visual Studio Solution File, Format Version 12.00
# Visual Studio Version 17
VisualStudioVersion = 17.7.34202.233
MinimumVisualStudioVersion = 10.0.40219.1
Project("{FAE04EC0-301F-11D3-BF4B-00C04F79EFBC}") = "AutoCatalog", "AutoCatalog\AutoCatalog.csproj", "{30F67AA7-0E2E-4D57-8A5C-BA210CCF74F1}"
EndProject
Global
	GlobalSection(SolutionConfigurationPlatforms) = preSolution
		Debug|Any CPU = Debug|Any CPU
		Release|Any CPU = Release|Any CPU
	EndGlobalSection
	GlobalSection(ProjectConfigurationPlatforms) = postSolution
		{30F67AA7-0E2E-4D57-8A5C-BA210CCF74F1}.Debug|Any CPU.ActiveCfg = Debug|Any CPU
		{30F67AA7-0E2E-4D57-8A5C-BA210CCF74F1}.Debug|Any CPU.Build.0 = Debug|Any CPU
		{30F67AA7-0E2E-4D57-8A5C-BA210CCF74F1}.Release|Any CPU.ActiveCfg = Release|Any CPU
		{30F67AA7-0E2E-4D57-8A5C-BA210CCF74F1}.Release|Any CPU.Build.0 = Release|Any CPU
	EndGlobalSection
	GlobalSection(SolutionProperties) = preSolution
		HideSolutionNode = FALSE
	EndGlobalSection
	GlobalSection(ExtensibilityGlobals) = postSolution
		SolutionGuid = {28287ECC-4883-4690-BCEF-D5129C1F3FC4}
	EndGlobalSection
EndGlobal
